
Microsoft Visual Studio Solution File, Format Version 12.00
# Visual Studio Version 17
VisualStudioVersion = 17.3.32819.101
MinimumVisualStudioVersion = 10.0.40219.1
Project("{FAE04EC0-301F-11D3-BF4B-00C04F79EFBC}") = "Interface_Abstract", "Interface_Abstract\Interface_Abstract.csproj", "{B7AEF91B-190D-48BB-8DBE-1110D1496606}"
EndProject
Global
	GlobalSection(SolutionConfigurationPlatforms) = preSolution
		Debug|Any CPU = Debug|Any CPU
		Release|Any CPU = Release|Any CPU
	EndGlobalSection
	GlobalSection(ProjectConfigurationPlatforms) = postSolution
		{B7AEF91B-190D-48BB-8DBE-1110D1496606}.Debug|Any CPU.ActiveCfg = Debug|Any CPU
		{B7AEF91B-190D-48BB-8DBE-1110D1496606}.Debug|Any CPU.Build.0 = Debug|Any CPU
		{B7AEF91B-190D-48BB-8DBE-1110D1496606}.Release|Any CPU.ActiveCfg = Release|Any CPU
		{B7AEF91B-190D-48BB-8DBE-1110D1496606}.Release|Any CPU.Build.0 = Release|Any CPU
	EndGlobalSection
	GlobalSection(SolutionProperties) = preSolution
		HideSolutionNode = FALSE
	EndGlobalSection
	GlobalSection(ExtensibilityGlobals) = postSolution
		SolutionGuid = {C6CB405C-E651-4E8F-BED8-E6FB28B0F7BB}
	EndGlobalSection
EndGlobal
